
Microsoft Visual Studio Solution File, Format Version 12.00
# Visual Studio Version 16
VisualStudioVersion = 16.0.29911.84
MinimumVisualStudioVersion = 10.0.40219.1
Project("{9A19103F-16F7-4668-BE54-9A1E7A4F7556}") = "OdeToFood", "OdeToFood\OdeToFood.csproj", "{0A231EFF-9A16-4133-9281-7F4B61377936}"
EndProject
Project("{FAE04EC0-301F-11D3-BF4B-00C04F79EFBC}") = "OdeToFood.Core", "OdeToFood.Core\OdeToFood.Core.csproj", "{851FB906-5B5C-4305-B7F1-AAAC3CB2D15F}"
EndProject
Project("{FAE04EC0-301F-11D3-BF4B-00C04F79EFBC}") = "OdeToFood.Data", "OdeToFood.Data\OdeToFood.Data.csproj", "{A5A06832-AE1E-4428-9439-8E8240DF3B7C}"
EndProject
Global
	GlobalSection(SolutionConfigurationPlatforms) = preSolution
		Debug|Any CPU = Debug|Any CPU
		Release|Any CPU = Release|Any CPU
	EndGlobalSection
	GlobalSection(ProjectConfigurationPlatforms) = postSolution
		{0A231EFF-9A16-4133-9281-7F4B61377936}.Debug|Any CPU.ActiveCfg = Debug|Any CPU
		{0A231EFF-9A16-4133-9281-7F4B61377936}.Debug|Any CPU.Build.0 = Debug|Any CPU
		{0A231EFF-9A16-4133-9281-7F4B61377936}.Release|Any CPU.ActiveCfg = Release|Any CPU
		{0A231EFF-9A16-4133-9281-7F4B61377936}.Release|Any CPU.Build.0 = Release|Any CPU
		{851FB906-5B5C-4305-B7F1-AAAC3CB2D15F}.Debug|Any CPU.ActiveCfg = Debug|Any CPU
		{851FB906-5B5C-4305-B7F1-AAAC3CB2D15F}.Debug|Any CPU.Build.0 = Debug|Any CPU
		{851FB906-5B5C-4305-B7F1-AAAC3CB2D15F}.Release|Any CPU.ActiveCfg = Release|Any CPU
		{851FB906-5B5C-4305-B7F1-AAAC3CB2D15F}.Release|Any CPU.Build.0 = Release|Any CPU
		{A5A06832-AE1E-4428-9439-8E8240DF3B7C}.Debug|Any CPU.ActiveCfg = Debug|Any CPU
		{A5A06832-AE1E-4428-9439-8E8240DF3B7C}.Debug|Any CPU.Build.0 = Debug|Any CPU
		{A5A06832-AE1E-4428-9439-8E8240DF3B7C}.Release|Any CPU.ActiveCfg = Release|Any CPU
		{A5A06832-AE1E-4428-9439-8E8240DF3B7C}.Release|Any CPU.Build.0 = Release|Any CPU
	EndGlobalSection
	GlobalSection(SolutionProperties) = preSolution
		HideSolutionNode = FALSE
	EndGlobalSection
	GlobalSection(ExtensibilityGlobals) = postSolution
		SolutionGuid = {1139A052-F105-410A-9AEE-C922457AD79D}
	EndGlobalSection
EndGlobal
